// !$*UTF8*$!
{
	archiveVersion = 1;
	classes = {
	};
	objectVersion = 50;
	objects = {

/* Begin PBXBuildFile section */
		CCEA9A4B230E56D900ED509D /* AppDelegate.swift in Sources */ = {isa = PBXBuildFile; fileRef = CCEA9A4A230E56D900ED509D /* AppDelegate.swift */; };
		CCEA9A4D230E56D900ED509D /* SearchTableViewController.swift in Sources */ = {isa = PBXBuildFile; fileRef = CCEA9A4C230E56D900ED509D /* SearchTableViewController.swift */; };
		CCEA9A50230E56D900ED509D /* Main.storyboard in Resources */ = {isa = PBXBuildFile; fileRef = CCEA9A4E230E56D900ED509D /* Main.storyboard */; };
		CCEA9A52230E56DA00ED509D /* Assets.xcassets in Resources */ = {isa = PBXBuildFile; fileRef = CCEA9A51230E56DA00ED509D /* Assets.xcassets */; };
		CCEA9A55230E56DA00ED509D /* LaunchScreen.storyboard in Resources */ = {isa = PBXBuildFile; fileRef = CCEA9A53230E56DA00ED509D /* LaunchScreen.storyboard */; };
/* End PBXBuildFile section */

/* Begin PBXFileReference section */
		CCEA9A47230E56D900ED509D /* GithubAPISampleApp.app */ = {isa = PBXFileReference; explicitFileType = wrapper.application; includeInIndex = 0; path = GithubAPISampleApp.app; sourceTree = BUILT_PRODUCTS_DIR; };
		CCEA9A4A230E56D900ED509D /* AppDelegate.swift */ = {isa = PBXFileReference; lastKnownFileType = sourcecode.swift; path = AppDelegate.swift; sourceTree = "<group>"; };
		CCEA9A4C230E56D900ED509D /* SearchTableViewController.swift */ = {isa = PBXFileReference; lastKnownFileType = sourcecode.swift; path = SearchTableViewController.swift; sourceTree = "<group>"; };
		CCEA9A4F230E56D900ED509D /* Base */ = {isa = PBXFileReference; lastKnownFileType = file.storyboard; name = Base; path = Base.lproj/Main.storyboard; sourceTree = "<group>"; };
		CCEA9A51230E56DA00ED509D /* Assets.xcassets */ = {isa = PBXFileReference; lastKnownFileType = folder.assetcatalog; path = Assets.xcassets; sourceTree = "<group>"; };
		CCEA9A54230E56DA00ED509D /* Base */ = {isa = PBXFileReference; lastKnownFileType = file.storyboard; name = Base; path = Base.lproj/LaunchScreen.storyboard; sourceTree = "<group>"; };
		CCEA9A56230E56DA00ED509D /* Info.plist */ = {isa = PBXFileReference; lastKnownFileType = text.plist.xml; path = Info.plist; sourceTree = "<group>"; };
/* End PBXFileReference section */

/* Begin PBXFrameworksBuildPhase section */
		CCEA9A44230E56D900ED509D /* Frameworks */ = {
			isa = PBXFrameworksBuildPhase;
			buildActionMask = 2147483647;
			files = (
			);
			runOnlyForDeploymentPostprocessing = 0;
		};
/* End PBXFrameworksBuildPhase section */

/* Begin PBXGroup section */
		CCEA9A3E230E56D900ED509D = {
			isa = PBXGroup;
			children = (
				CCEA9A49230E56D900ED509D /* GithubAPISampleApp */,
				CCEA9A48230E56D900ED509D /* Products */,
			);
			sourceTree = "<group>";
		};
		CCEA9A48230E56D900ED509D /* Products */ = {
			isa = PBXGroup;
			children = (
				CCEA9A47230E56D900ED509D /* GithubAPISampleApp.app */,
			);
			name = Products;
			sourceTree = "<group>";
		};
		CCEA9A49230E56D900ED509D /* GithubAPISampleApp */ = {
			isa = PBXGroup;
			children = (
				CCEA9A4A230E56D900ED509D /* AppDelegate.swift */,
				CCEA9A4E230E56D900ED509D /* Main.storyboard */,
				CCEA9A7A230E5B3000ED509D /* ViewController */,
				CCEA9A51230E56DA00ED509D /* Assets.xcassets */,
				CCEA9A53230E56DA00ED509D /* LaunchScreen.storyboard */,
				CCEA9A56230E56DA00ED509D /* Info.plist */,
			);
			path = GithubAPISampleApp;
			sourceTree = "<group>";
		};
		CCEA9A7A230E5B3000ED509D /* ViewController */ = {
			isa = PBXGroup;
			children = (
				CCEA9A4C230E56D900ED509D /* SearchTableViewController.swift */,
			);
			path = ViewController;
			sourceTree = "<group>";
		};
/* End PBXGroup section */

/* Begin PBXNativeTarget section */
		CCEA9A46230E56D900ED509D /* GithubAPISampleApp */ = {
			isa = PBXNativeTarget;
			buildConfigurationList = CCEA9A59230E56DA00ED509D /* Build configuration list for PBXNativeTarget "GithubAPISampleApp" */;
			buildPhases = (
				CCEA9A43230E56D900ED509D /* Sources */,
				CCEA9A44230E56D900ED509D /* Frameworks */,
				CCEA9A45230E56D900ED509D /* Resources */,
			);
			buildRules = (
			);
			dependencies = (
			);
			name = GithubAPISampleApp;
			productName = GithubAPISampleApp;
			productReference = CCEA9A47230E56D900ED509D /* GithubAPISampleApp.app */;
			productType = "com.apple.product-type.application";
		};
/* End PBXNativeTarget section */

/* Begin PBXProject section */
		CCEA9A3F230E56D900ED509D /* Project object */ = {
			isa = PBXProject;
			attributes = {
				LastSwiftUpdateCheck = 1030;
				LastUpgradeCheck = 1030;
				ORGANIZATIONNAME = "Shota Nishizawa";
				TargetAttributes = {
					CCEA9A46230E56D900ED509D = {
						CreatedOnToolsVersion = 10.3;
					};
				};
			};
			buildConfigurationList = CCEA9A42230E56D900ED509D /* Build configuration list for PBXProject "GithubAPISampleApp" */;
			compatibilityVersion = "Xcode 9.3";
			developmentRegion = en;
			hasScannedForEncodings = 0;
			knownRegions = (
				en,
				Base,
			);
			mainGroup = CCEA9A3E230E56D900ED509D;
			productRefGroup = CCEA9A48230E56D900ED509D /* Products */;
			projectDirPath = "";
			projectRoot = "";
			targets = (
				CCEA9A46230E56D900ED509D /* GithubAPISampleApp */,
			);
		};
/* End PBXProject section */

/* Begin PBXResourcesBuildPhase section */
		CCEA9A45230E56D900ED509D /* Resources */ = {
			isa = PBXResourcesBuildPhase;
			buildActionMask = 2147483647;
			files = (
				CCEA9A55230E56DA00ED509D /* LaunchScreen.storyboard in Resources */,
				CCEA9A52230E56DA00ED509D /* Assets.xcassets in Resources */,
				CCEA9A50230E56D900ED509D /* Main.storyboard in Resources */,
			);
			runOnlyForDeploymentPostprocessing = 0;
		};
/* End PBXResourcesBuildPhase section */

/* Begin PBXSourcesBuildPhase section */
		CCEA9A43230E56D900ED509D /* Sources */ = {
			isa = PBXSourcesBuildPhase;
			buildActionMask = 2147483647;
			files = (
				CCEA9A4D230E56D900ED509D /* SearchTableViewController.swift in Sources */,
				CCEA9A4B230E56D900ED509D /* AppDelegate.swift in Sources */,
			);
			runOnlyForDeploymentPostprocessing = 0;
		};
/* End PBXSourcesBuildPhase section */

/* Begin PBXVariantGroup section */
		CCEA9A4E230E56D900ED509D /* Main.storyboard */ = {
			isa = PBXVariantGroup;
			children = (
				CCEA9A4F230E56D900ED509D /* Base */,
			);
			name = Main.storyboard;
			sourceTree = "<group>";
		};
		CCEA9A53230E56DA00ED509D /* LaunchScreen.storyboard */ = {
			isa = PBXVariantGroup;
			children = (
				CCEA9A54230E56DA00ED509D /* Base */,
			);
			name = LaunchScreen.storyboard;
			sourceTree = "<group>";
		};
/* End PBXVariantGroup section */

/* Begin XCBuildConfiguration section */
		CCEA9A57230E56DA00ED509D /* Debug */ = {
			isa = XCBuildConfiguration;
			buildSettings = {
				ALWAYS_SEARCH_USER_PATHS = NO;
				CLANG_ANALYZER_NONNULL = YES;
				CLANG_ANALYZER_NUMBER_OBJECT_CONVERSION = YES_AGGRESSIVE;
				CLANG_CXX_LANGUAGE_STANDARD = "gnu++14";
				CLANG_CXX_LIBRARY = "libc++";
				CLANG_ENABLE_MODULES = YES;
				CLANG_ENABLE_OBJC_ARC = YES;
				CLANG_ENABLE_OBJC_WEAK = YES;
				CLANG_WARN_BLOCK_CAPTURE_AUTORELEASING = YES;
				CLANG_WARN_BOOL_CONVERSION = YES;
				CLANG_WARN_COMMA = YES;
				CLANG_WARN_CONSTANT_CONVERSION = YES;
				CLANG_WARN_DEPRECATED_OBJC_IMPLEMENTATIONS = YES;
				CLANG_WARN_DIRECT_OBJC_ISA_USAGE = YES_ERROR;
				CLANG_WARN_DOCUMENTATION_COMMENTS = YES;
				CLANG_WARN_EMPTY_BODY = YES;
				CLANG_WARN_ENUM_CONVERSION = YES;
				CLANG_WARN_INFINITE_RECURSION = YES;
				CLANG_WARN_INT_CONVERSION = YES;
				CLANG_WARN_NON_LITERAL_NULL_CONVERSION = YES;
				CLANG_WARN_OBJC_IMPLICIT_RETAIN_SELF = YES;
				CLANG_WARN_OBJC_LITERAL_CONVERSION = YES;
				CLANG_WARN_OBJC_ROOT_CLASS = YES_ERROR;
				CLANG_WARN_RANGE_LOOP_ANALYSIS = YES;
				CLANG_WARN_STRICT_PROTOTYPES = YES;
				CLANG_WARN_SUSPICIOUS_MOVE = YES;
				CLANG_WARN_UNGUARDED_AVAILABILITY = YES_AGGRESSIVE;
				CLANG_WARN_UNREACHABLE_CODE = YES;
				CLANG_WARN__DUPLICATE_METHOD_MATCH = YES;
				CODE_SIGN_IDENTITY = "iPhone Developer";
				COPY_PHASE_STRIP = NO;
				DEBUG_INFORMATION_FORMAT = dwarf;
				ENABLE_STRICT_OBJC_MSGSEND = YES;
				ENABLE_TESTABILITY = YES;
				GCC_C_LANGUAGE_STANDARD = gnu11;
				GCC_DYNAMIC_NO_PIC = NO;
				GCC_NO_COMMON_BLOCKS = YES;
				GCC_OPTIMIZATION_LEVEL = 0;
				GCC_PREPROCESSOR_DEFINITIONS = (
					"DEBUG=1",
					"$(inherited)",
				);
				GCC_WARN_64_TO_32_BIT_CONVERSION = YES;
				GCC_WARN_ABOUT_RETURN_TYPE = YES_ERROR;
				GCC_WARN_UNDECLARED_SELECTOR = YES;
				GCC_WARN_UNINITIALIZED_AUTOS = YES_AGGRESSIVE;
				GCC_WARN_UNUSED_FUNCTION = YES;
				GCC_WARN_UNUSED_VARIABLE = YES;
				IPHONEOS_DEPLOYMENT_TARGET = 12.4;
				MTL_ENABLE_DEBUG_INFO = INCLUDE_SOURCE;
				MTL_FAST_MATH = YES;
				ONLY_ACTIVE_ARCH = YES;
				SDKROOT = iphoneos;
				SWIFT_ACTIVE_COMPILATION_CONDITIONS = DEBUG;
				SWIFT_OPTIMIZATION_LEVEL = "-Onone";
			};
			name = Debug;
		};
		CCEA9A58230E56DA00ED509D /* Release */ = {
			isa = XCBuildConfiguration;
			buildSettings = {
				ALWAYS_SEARCH_USER_PATHS = NO;
				CLANG_ANALYZER_NONNULL = YES;
				CLANG_ANALYZER_NUMBER_OBJECT_CONVERSION = YES_AGGRESSIVE;
				CLANG_CXX_LANGUAGE_STANDARD = "gnu++14";
				CLANG_CXX_LIBRARY = "libc++";
				CLANG_ENABLE_MODULES = YES;
				CLANG_ENABLE_OBJC_ARC = YES;
				CLANG_ENABLE_OBJC_WEAK = YES;
				CLANG_WARN_BLOCK_CAPTURE_AUTORELEASING = YES;
				CLANG_WARN_BOOL_CONVERSION = YES;
				CLANG_WARN_COMMA = YES;
				CLANG_WARN_CONSTANT_CONVERSION = YES;
				CLANG_WARN_DEPRECATED_OBJC_IMPLEMENTATIONS = YES;
				CLANG_WARN_DIRECT_OBJC_ISA_USAGE = YES_ERROR;
				CLANG_WARN_DOCUMENTATION_COMMENTS = YES;
				CLANG_WARN_EMPTY_BODY = YES;
				CLANG_WARN_ENUM_CONVERSION = YES;
				CLANG_WARN_INFINITE_RECURSION = YES;
				CLANG_WARN_INT_CONVERSION = YES;
				CLANG_WARN_NON_LITERAL_NULL_CONVERSION = YES;
				CLANG_WARN_OBJC_IMPLICIT_RETAIN_SELF = YES;
				CLANG_WARN_OBJC_LITERAL_CONVERSION = YES;
				CLANG_WARN_OBJC_ROOT_CLASS = YES_ERROR;
				CLANG_WARN_RANGE_LOOP_ANALYSIS = YES;
				CLANG_WARN_STRICT_PROTOTYPES = YES;
				CLANG_WARN_SUSPICIOUS_MOVE = YES;
				CLANG_WARN_UNGUARDED_AVAILABILITY = YES_AGGRESSIVE;
				CLANG_WARN_UNREACHABLE_CODE = YES;
				CLANG_WARN__DUPLICATE_METHOD_MATCH = YES;
				CODE_SIGN_IDENTITY = "iPhone Developer";
				COPY_PHASE_STRIP = NO;
				DEBUG_INFORMATION_FORMAT = "dwarf-with-dsym";
				ENABLE_NS_ASSERTIONS = NO;
				ENABLE_STRICT_OBJC_MSGSEND = YES;
				GCC_C_LANGUAGE_STANDARD = gnu11;
				GCC_NO_COMMON_BLOCKS = YES;
				GCC_WARN_64_TO_32_BIT_CONVERSION = YES;
				GCC_WARN_ABOUT_RETURN_TYPE = YES_ERROR;
				GCC_WARN_UNDECLARED_SELECTOR = YES;
				GCC_WARN_UNINITIALIZED_AUTOS = YES_AGGRESSIVE;
				GCC_WARN_UNUSED_FUNCTION = YES;
				GCC_WARN_UNUSED_VARIABLE = YES;
				IPHONEOS_DEPLOYMENT_TARGET = 12.4;
				MTL_ENABLE_DEBUG_INFO = NO;
				MTL_FAST_MATH = YES;
				SDKROOT = iphoneos;
				SWIFT_COMPILATION_MODE = wholemodule;
				SWIFT_OPTIMIZATION_LEVEL = "-O";
				VALIDATE_PRODUCT = YES;
			};
			name = Release;
		};
		CCEA9A5A230E56DA00ED509D /* Debug */ = {
			isa = XCBuildConfiguration;
			buildSettings = {
				ASSETCATALOG_COMPILER_APPICON_NAME = AppIcon;
				CODE_SIGN_STYLE = Automatic;
				DEVELOPMENT_TEAM = QSXN8YT5RB;
				INFOPLIST_FILE = GithubAPISampleApp/Info.plist;
				LD_RUNPATH_SEARCH_PATHS = (
					"$(inherited)",
					"@executable_path/Frameworks",
				);
				PRODUCT_BUNDLE_IDENTIFIER = net.amaocha.GithubAPISampleApp;
				PRODUCT_NAME = "$(TARGET_NAME)";
				SWIFT_VERSION = 5.0;
				TARGETED_DEVICE_FAMILY = "1,2";
			};
			name = Debug;
		};
		CCEA9A5B230E56DA00ED509D /* Release */ = {
			isa = XCBuildConfiguration;
			buildSettings = {
				ASSETCATALOG_COMPILER_APPICON_NAME = AppIcon;
				CODE_SIGN_STYLE = Automatic;
				DEVELOPMENT_TEAM = QSXN8YT5RB;
				INFOPLIST_FILE = GithubAPISampleApp/Info.plist;
				LD_RUNPATH_SEARCH_PATHS = (
					"$(inherited)",
					"@executable_path/Frameworks",
				);
				PRODUCT_BUNDLE_IDENTIFIER = net.amaocha.GithubAPISampleApp;
				PRODUCT_NAME = "$(TARGET_NAME)";
				SWIFT_VERSION = 5.0;
				TARGETED_DEVICE_FAMILY = "1,2";
			};
			name = Release;
		};
/* End XCBuildConfiguration section */

/* Begin XCConfigurationList section */
		CCEA9A42230E56D900ED509D /* Build configuration list for PBXProject "GithubAPISampleApp" */ = {
			isa = XCConfigurationList;
			buildConfigurations = (
				CCEA9A57230E56DA00ED509D /* Debug */,
				CCEA9A58230E56DA00ED509D /* Release */,
			);
			defaultConfigurationIsVisible = 0;
			defaultConfigurationName = Release;
		};
		CCEA9A59230E56DA00ED509D /* Build configuration list for PBXNativeTarget "GithubAPISampleApp" */ = {
			isa = XCConfigurationList;
			buildConfigurations = (
				CCEA9A5A230E56DA00ED509D /* Debug */,
				CCEA9A5B230E56DA00ED509D /* Release */,
			);
			defaultConfigurationIsVisible = 0;
			defaultConfigurationName = Release;
		};
/* End XCConfigurationList section */
	};
	rootObject = CCEA9A3F230E56D900ED509D /* Project object */;
}
